
Microsoft Visual Studio Solution File, Format Version 12.00
# Visual Studio Version 17
VisualStudioVersion = 17.4.33205.214
MinimumVisualStudioVersion = 10.0.40219.1
Project("{9A19103F-16F7-4668-BE54-9A1E7A4F7556}") = "1_InversionCapitalization", "1_InversionCapitalization\1_InversionCapitalization.csproj", "{B2D27F6C-74A8-40D1-8768-6DAC68727DED}"
EndProject
Project("{FAE04EC0-301F-11D3-BF4B-00C04F79EFBC}") = "2_PalindromesAnagrams", "2_PalindromesAnagrams\2_PalindromesAnagrams.csproj", "{713754A8-EF03-42DE-9E81-E3006C8D05F4}"
EndProject
Project("{FAE04EC0-301F-11D3-BF4B-00C04F79EFBC}") = "3_RunLength", "3_RunLength\3_RunLength.csproj", "{048C8371-14D7-4AD3-A5E2-9DDF508E963E}"
EndProject
Project("{FAE04EC0-301F-11D3-BF4B-00C04F79EFBC}") = "4_FirstUniqueChar", "4_FirstUniqueChar\4_FirstUniqueChar.csproj", "{BD0CC47F-7FDD-4705-B29F-8D3442A0E56D}"
EndProject
Project("{FAE04EC0-301F-11D3-BF4B-00C04F79EFBC}") = "5_ShuffledSubstring", "5_ShuffledSubstring\5_ShuffledSubstring.csproj", "{172087D3-9BB4-4446-80A9-5E9C933C55BC}"
EndProject
Global
	GlobalSection(SolutionConfigurationPlatforms) = preSolution
		Debug|Any CPU = Debug|Any CPU
		Release|Any CPU = Release|Any CPU
	EndGlobalSection
	GlobalSection(ProjectConfigurationPlatforms) = postSolution
		{B2D27F6C-74A8-40D1-8768-6DAC68727DED}.Debug|Any CPU.ActiveCfg = Debug|Any CPU
		{B2D27F6C-74A8-40D1-8768-6DAC68727DED}.Debug|Any CPU.Build.0 = Debug|Any CPU
		{B2D27F6C-74A8-40D1-8768-6DAC68727DED}.Release|Any CPU.ActiveCfg = Release|Any CPU
		{B2D27F6C-74A8-40D1-8768-6DAC68727DED}.Release|Any CPU.Build.0 = Release|Any CPU
		{713754A8-EF03-42DE-9E81-E3006C8D05F4}.Debug|Any CPU.ActiveCfg = Debug|Any CPU
		{713754A8-EF03-42DE-9E81-E3006C8D05F4}.Debug|Any CPU.Build.0 = Debug|Any CPU
		{713754A8-EF03-42DE-9E81-E3006C8D05F4}.Release|Any CPU.ActiveCfg = Release|Any CPU
		{713754A8-EF03-42DE-9E81-E3006C8D05F4}.Release|Any CPU.Build.0 = Release|Any CPU
		{048C8371-14D7-4AD3-A5E2-9DDF508E963E}.Debug|Any CPU.ActiveCfg = Debug|Any CPU
		{048C8371-14D7-4AD3-A5E2-9DDF508E963E}.Debug|Any CPU.Build.0 = Debug|Any CPU
		{048C8371-14D7-4AD3-A5E2-9DDF508E963E}.Release|Any CPU.ActiveCfg = Release|Any CPU
		{048C8371-14D7-4AD3-A5E2-9DDF508E963E}.Release|Any CPU.Build.0 = Release|Any CPU
		{BD0CC47F-7FDD-4705-B29F-8D3442A0E56D}.Debug|Any CPU.ActiveCfg = Debug|Any CPU
		{BD0CC47F-7FDD-4705-B29F-8D3442A0E56D}.Debug|Any CPU.Build.0 = Debug|Any CPU
		{BD0CC47F-7FDD-4705-B29F-8D3442A0E56D}.Release|Any CPU.ActiveCfg = Release|Any CPU
		{BD0CC47F-7FDD-4705-B29F-8D3442A0E56D}.Release|Any CPU.Build.0 = Release|Any CPU
		{172087D3-9BB4-4446-80A9-5E9C933C55BC}.Debug|Any CPU.ActiveCfg = Debug|Any CPU
		{172087D3-9BB4-4446-80A9-5E9C933C55BC}.Debug|Any CPU.Build.0 = Debug|Any CPU
		{172087D3-9BB4-4446-80A9-5E9C933C55BC}.Release|Any CPU.ActiveCfg = Release|Any CPU
		{172087D3-9BB4-4446-80A9-5E9C933C55BC}.Release|Any CPU.Build.0 = Release|Any CPU
	EndGlobalSection
	GlobalSection(SolutionProperties) = preSolution
		HideSolutionNode = FALSE
	EndGlobalSection
	GlobalSection(ExtensibilityGlobals) = postSolution
		SolutionGuid = {8EAA32DA-2EE2-453A-9EC3-16E6E9BAB779}
	EndGlobalSection
EndGlobal
